
Microsoft Visual Studio Solution File, Format Version 12.00
# Visual Studio Version 16
VisualStudioVersion = 16.0.30803.129
MinimumVisualStudioVersion = 10.0.40219.1
Project("{9A19103F-16F7-4668-BE54-9A1E7A4F7556}") = "Gov.uk.net", "Gov.uk.net\Gov.uk.net.csproj", "{2C93EEE5-ED3B-49EA-BC2A-21502412100D}"
EndProject
Project("{9A19103F-16F7-4668-BE54-9A1E7A4F7556}") = "Gov.Uk.Net.Library", "Gov.Uk.net.library\Gov.Uk.Net.Library.csproj", "{195A1892-EDDA-4923-80F5-41F17ED3DAE1}"
EndProject
Global
	GlobalSection(SolutionConfigurationPlatforms) = preSolution
		Debug|Any CPU = Debug|Any CPU
		Release|Any CPU = Release|Any CPU
	EndGlobalSection
	GlobalSection(ProjectConfigurationPlatforms) = postSolution
		{2C93EEE5-ED3B-49EA-BC2A-21502412100D}.Debug|Any CPU.ActiveCfg = Debug|Any CPU
		{2C93EEE5-ED3B-49EA-BC2A-21502412100D}.Debug|Any CPU.Build.0 = Debug|Any CPU
		{2C93EEE5-ED3B-49EA-BC2A-21502412100D}.Release|Any CPU.ActiveCfg = Release|Any CPU
		{2C93EEE5-ED3B-49EA-BC2A-21502412100D}.Release|Any CPU.Build.0 = Release|Any CPU
		{195A1892-EDDA-4923-80F5-41F17ED3DAE1}.Debug|Any CPU.ActiveCfg = Debug|Any CPU
		{195A1892-EDDA-4923-80F5-41F17ED3DAE1}.Debug|Any CPU.Build.0 = Debug|Any CPU
		{195A1892-EDDA-4923-80F5-41F17ED3DAE1}.Release|Any CPU.ActiveCfg = Release|Any CPU
		{195A1892-EDDA-4923-80F5-41F17ED3DAE1}.Release|Any CPU.Build.0 = Release|Any CPU
	EndGlobalSection
	GlobalSection(SolutionProperties) = preSolution
		HideSolutionNode = FALSE
	EndGlobalSection
	GlobalSection(ExtensibilityGlobals) = postSolution
		SolutionGuid = {3DBEF56F-EE6A-49DA-95FD-DD706710D621}
	EndGlobalSection
EndGlobal
